
Microsoft Visual Studio Solution File, Format Version 12.00
# Visual Studio Version 16
VisualStudioVersion = 16.0.30611.23
MinimumVisualStudioVersion = 10.0.40219.1
Project("{FAE04EC0-301F-11D3-BF4B-00C04F79EFBC}") = "Hanoi_Towers", "Hanoi_Towers\Hanoi_Towers.csproj", "{565672B1-BFDA-499C-A237-7F4BB202BB55}"
EndProject
Global
	GlobalSection(SolutionConfigurationPlatforms) = preSolution
		Debug|Any CPU = Debug|Any CPU
		Release|Any CPU = Release|Any CPU
	EndGlobalSection
	GlobalSection(ProjectConfigurationPlatforms) = postSolution
		{565672B1-BFDA-499C-A237-7F4BB202BB55}.Debug|Any CPU.ActiveCfg = Debug|Any CPU
		{565672B1-BFDA-499C-A237-7F4BB202BB55}.Debug|Any CPU.Build.0 = Debug|Any CPU
		{565672B1-BFDA-499C-A237-7F4BB202BB55}.Release|Any CPU.ActiveCfg = Release|Any CPU
		{565672B1-BFDA-499C-A237-7F4BB202BB55}.Release|Any CPU.Build.0 = Release|Any CPU
	EndGlobalSection
	GlobalSection(SolutionProperties) = preSolution
		HideSolutionNode = FALSE
	EndGlobalSection
	GlobalSection(ExtensibilityGlobals) = postSolution
		SolutionGuid = {268CF6BF-AA0C-4C57-A29C-3CC3BF4E34FD}
	EndGlobalSection
EndGlobal
